
Microsoft Visual Studio Solution File, Format Version 12.00
# Visual Studio Version 16
VisualStudioVersion = 16.0.29311.281
MinimumVisualStudioVersion = 10.0.40219.1
Project("{FAE04EC0-301F-11D3-BF4B-00C04F79EFBC}") = "DXETech.ApiKeyAuthorization", "DXETech.ApiKeyAuthorization\DXETech.ApiKeyAuthorization.csproj", "{2713360D-7DCB-4B03-BA10-6E36F20F5FCE}"
EndProject
Global
	GlobalSection(SolutionConfigurationPlatforms) = preSolution
		Debug|Any CPU = Debug|Any CPU
		Release|Any CPU = Release|Any CPU
	EndGlobalSection
	GlobalSection(ProjectConfigurationPlatforms) = postSolution
		{2713360D-7DCB-4B03-BA10-6E36F20F5FCE}.Debug|Any CPU.ActiveCfg = Debug|Any CPU
		{2713360D-7DCB-4B03-BA10-6E36F20F5FCE}.Debug|Any CPU.Build.0 = Debug|Any CPU
		{2713360D-7DCB-4B03-BA10-6E36F20F5FCE}.Release|Any CPU.ActiveCfg = Release|Any CPU
		{2713360D-7DCB-4B03-BA10-6E36F20F5FCE}.Release|Any CPU.Build.0 = Release|Any CPU
	EndGlobalSection
	GlobalSection(SolutionProperties) = preSolution
		HideSolutionNode = FALSE
	EndGlobalSection
	GlobalSection(ExtensibilityGlobals) = postSolution
		SolutionGuid = {D5A71359-1881-42C8-8687-3B1055CC9648}
	EndGlobalSection
EndGlobal
